github.com/dgrijalva/jwt-go v3.2.0+incompatible h1:7qlOGliEKZXTDg6OTjfoBKDXWrumCAMpl/TFQ4/5kLM=
github.com/dgrijalva/jwt-go v3.2.0+incompatible/go.mod h1:E3ru+11k8xSBh+hMPgOLZmtrrCbhqsmaPHjLKYnJCaQ=
github.com/kevinburke/h256only v3.0.0+incompatible h1:N6qoutCOGXSmVEEmP7Pwm9TFjBuhZL/IlfHLpXBXdKM=
github.com/kevinburke/h256only v3.0.0+incompatible/go.mod h1:CE5DNjP6qXuWysp5SkXKBhSSmjs08isiSrEeADRkxak=
golang.org/x/crypto v0.0.0-20190123085648-057139ce5d2b h1:Elez2XeF2p9uyVj0yEUDqQ56NFcDtcBNkYP7yv8YbUE=
golang.org/x/crypto v0.0.0-20190123085648-057139ce5d2b/go.mod h1:6SG95UA2DQfeDnfUPMdvaQW0Q7yPrPDi9nlGo2tz2b4=
golang.org/x/xerrors v0.0.0-20190212162355-a5947ffaace3 h1:P6iTFmrTQqWrqLZPX1VMzCUbCRCAUXSUsSpkEOvWzJ0=
golang.org/x/xerrors v0.0.0-20190212162355-a5947ffaace3/go.mod h1:I/5z698sn9Ka8TeJc9MKroUUfqBBauWjQqLJ2OPfmY0=
